
Microsoft Visual Studio Solution File, Format Version 12.00
# Visual Studio Version 16
VisualStudioVersion = 16.0.30709.132
MinimumVisualStudioVersion = 10.0.40219.1
Project("{FAE04EC0-301F-11D3-BF4B-00C04F79EFBC}") = "r1", "r1.csproj", "{9D57E035-7514-4F79-A7B0-D4460DC43D4A}"
EndProject
Global
	GlobalSection(SolutionConfigurationPlatforms) = preSolution
		Debug|ARM = Debug|ARM
		Debug|ARM64 = Debug|ARM64
		Debug|x64 = Debug|x64
		Debug|x86 = Debug|x86
		Release|ARM = Release|ARM
		Release|ARM64 = Release|ARM64
		Release|x64 = Release|x64
		Release|x86 = Release|x86
	EndGlobalSection
	GlobalSection(ProjectConfigurationPlatforms) = postSolution
		{9D57E035-7514-4F79-A7B0-D4460DC43D4A}.Debug|ARM.ActiveCfg = Debug|ARM
		{9D57E035-7514-4F79-A7B0-D4460DC43D4A}.Debug|ARM.Build.0 = Debug|ARM
		{9D57E035-7514-4F79-A7B0-D4460DC43D4A}.Debug|ARM.Deploy.0 = Debug|ARM
		{9D57E035-7514-4F79-A7B0-D4460DC43D4A}.Debug|ARM64.ActiveCfg = Debug|ARM64
		{9D57E035-7514-4F79-A7B0-D4460DC43D4A}.Debug|ARM64.Build.0 = Debug|ARM64
		{9D57E035-7514-4F79-A7B0-D4460DC43D4A}.Debug|ARM64.Deploy.0 = Debug|ARM64
		{9D57E035-7514-4F79-A7B0-D4460DC43D4A}.Debug|x64.ActiveCfg = Debug|x64
		{9D57E035-7514-4F79-A7B0-D4460DC43D4A}.Debug|x64.Build.0 = Debug|x64
		{9D57E035-7514-4F79-A7B0-D4460DC43D4A}.Debug|x64.Deploy.0 = Debug|x64
		{9D57E035-7514-4F79-A7B0-D4460DC43D4A}.Debug|x86.ActiveCfg = Debug|x86
		{9D57E035-7514-4F79-A7B0-D4460DC43D4A}.Debug|x86.Build.0 = Debug|x86
		{9D57E035-7514-4F79-A7B0-D4460DC43D4A}.Debug|x86.Deploy.0 = Debug|x86
		{9D57E035-7514-4F79-A7B0-D4460DC43D4A}.Release|ARM.ActiveCfg = Release|ARM
		{9D57E035-7514-4F79-A7B0-D4460DC43D4A}.Release|ARM.Build.0 = Release|ARM
		{9D57E035-7514-4F79-A7B0-D4460DC43D4A}.Release|ARM.Deploy.0 = Release|ARM
		{9D57E035-7514-4F79-A7B0-D4460DC43D4A}.Release|ARM64.ActiveCfg = Release|ARM64
		{9D57E035-7514-4F79-A7B0-D4460DC43D4A}.Release|ARM64.Build.0 = Release|ARM64
		{9D57E035-7514-4F79-A7B0-D4460DC43D4A}.Release|ARM64.Deploy.0 = Release|ARM64
		{9D57E035-7514-4F79-A7B0-D4460DC43D4A}.Release|x64.ActiveCfg = Release|x64
		{9D57E035-7514-4F79-A7B0-D4460DC43D4A}.Release|x64.Build.0 = Release|x64
		{9D57E035-7514-4F79-A7B0-D4460DC43D4A}.Release|x64.Deploy.0 = Release|x64
		{9D57E035-7514-4F79-A7B0-D4460DC43D4A}.Release|x86.ActiveCfg = Release|x86
		{9D57E035-7514-4F79-A7B0-D4460DC43D4A}.Release|x86.Build.0 = Release|x86
		{9D57E035-7514-4F79-A7B0-D4460DC43D4A}.Release|x86.Deploy.0 = Release|x86
	EndGlobalSection
	GlobalSection(SolutionProperties) = preSolution
		HideSolutionNode = FALSE
	EndGlobalSection
	GlobalSection(ExtensibilityGlobals) = postSolution
		SolutionGuid = {8CCD7696-7333-4B6F-8BE7-42F18050069E}
	EndGlobalSection
EndGlobal
